
Microsoft Visual Studio Solution File, Format Version 12.00
# Visual Studio 15
VisualStudioVersion = 15.0.27130.0
MinimumVisualStudioVersion = 10.0.40219.1
Project("{FAE04EC0-301F-11D3-BF4B-00C04F79EFBC}") = "HoneyBunny", "HoneyBunny\HoneyBunny.csproj", "{7F4662BE-7C4E-4C94-ACC3-CAEC5AF17F45}"
EndProject
Project("{FAE04EC0-301F-11D3-BF4B-00C04F79EFBC}") = "HoneyBunny.Tests", "HoneyBunny.Tests\HoneyBunny.Tests.csproj", "{EAE4531E-6C0F-4498-A306-2AD5BB9D9961}"
EndProject
Global
	GlobalSection(SolutionConfigurationPlatforms) = preSolution
		Debug|Any CPU = Debug|Any CPU
		Release|Any CPU = Release|Any CPU
	EndGlobalSection
	GlobalSection(ProjectConfigurationPlatforms) = postSolution
		{7F4662BE-7C4E-4C94-ACC3-CAEC5AF17F45}.Debug|Any CPU.ActiveCfg = Debug|Any CPU
		{7F4662BE-7C4E-4C94-ACC3-CAEC5AF17F45}.Debug|Any CPU.Build.0 = Debug|Any CPU
		{7F4662BE-7C4E-4C94-ACC3-CAEC5AF17F45}.Release|Any CPU.ActiveCfg = Release|Any CPU
		{7F4662BE-7C4E-4C94-ACC3-CAEC5AF17F45}.Release|Any CPU.Build.0 = Release|Any CPU
		{EAE4531E-6C0F-4498-A306-2AD5BB9D9961}.Debug|Any CPU.ActiveCfg = Debug|Any CPU
		{EAE4531E-6C0F-4498-A306-2AD5BB9D9961}.Debug|Any CPU.Build.0 = Debug|Any CPU
		{EAE4531E-6C0F-4498-A306-2AD5BB9D9961}.Release|Any CPU.ActiveCfg = Release|Any CPU
		{EAE4531E-6C0F-4498-A306-2AD5BB9D9961}.Release|Any CPU.Build.0 = Release|Any CPU
	EndGlobalSection
	GlobalSection(SolutionProperties) = preSolution
		HideSolutionNode = FALSE
	EndGlobalSection
	GlobalSection(ExtensibilityGlobals) = postSolution
		SolutionGuid = {F02B581E-F8CB-403C-AC1F-FDCD560DA4BC}
	EndGlobalSection
EndGlobal
